name: P2-06 lock regeneration

on:
  push:
    branches: [ main ]

jobs:
  regenerate:
    runs-on: ubuntu-latest
    steps:
      - uses: actions/checkout@v4
      - uses: actions/setup-node@v4
        with:
          node-version: '22'
      - run: npm install --package-lock-only
      - run: git config user.name "github-actions[bot]"
      - run: git config user.email "41898282+github-actions[bot]@users.noreply.github.com"
      - run: git add package-lock.json && git commit -m "fix(P2-06): synchronize lockfile for patched mysql2" || echo "No lockfile changes"
      - run: git push
